{
  "version": 1,
  "dependencies": {
    "net10.0": {
      "Microsoft.DotNet.ILCompiler": {
        "type": "Direct",
        "requested": "[10.0.2, )",
        "resolved": "10.0.2",
        "contentHash": "NebaxcAu8Yd7y5oRMDbkrIKowwygQxI6YKqdOCkGD112Plor5mr3bna/fvyNb8by6RAb4pN0zEsPCIEKZVf8ZQ=="
      },
      "Microsoft.NET.ILLink.Tasks": {
        "type": "Direct",
        "requested": "[10.0.2, )",
        "resolved": "10.0.2",
        "contentHash": "YBvkFcksrRGyG1tsVXo89WZOojlLfo2bL5NmJOMdCSZVHDWMBLJpAAgrw1+mLQS56tHMMmppuQUCJ881wkuuug=="
      }
    }
  }
}