
Microsoft Visual Studio Solution File, Format Version 12.00
# Visual Studio Version 16
VisualStudioVersion = 16.6.30114.105
MinimumVisualStudioVersion = 10.0.40219.1
Project("{2150E333-8FDC-42A3-9474-1A3956D46DE8}") = "src", "src", "{343B499B-92D2-451D-9CA4-1394560F9839}"
EndProject
Project("{FAE04EC0-301F-11D3-BF4B-00C04F79EFBC}") = "BibleBot.Backend", "src\BibleBot.Backend\BibleBot.Backend.csproj", "{A7A91E1C-9673-4BC2-8B90-91FF13617187}"
EndProject
Project("{FAE04EC0-301F-11D3-BF4B-00C04F79EFBC}") = "BibleBot.AutomaticServices", "src\BibleBot.AutomaticServices\BibleBot.AutomaticServices.csproj", "{8A500431-121C-4995-A770-1FD376B14E68}"
EndProject
Project("{FAE04EC0-301F-11D3-BF4B-00C04F79EFBC}") = "BibleBot.Models", "src\BibleBot.Models\BibleBot.Models.csproj", "{9ADA9A9C-48FB-4D42-9B41-6C72FE597660}"
EndProject
Project("{FAE04EC0-301F-11D3-BF4B-00C04F79EFBC}") = "BibleBot.DataFormats", "src\BibleBot.DataFormats\BibleBot.DataFormats.csproj", "{ECEF1EA0-9D9B-4603-BD4A-76AF7BD76BAC}"
EndProject
Project("{2150E333-8FDC-42A3-9474-1A3956D46DE8}") = "test", "test", "{606113E3-8711-4AE3-AC99-074C073F217D}"
EndProject
Project("{FAE04EC0-301F-11D3-BF4B-00C04F79EFBC}") = "BibleBot.Tests.Backend", "test\BibleBot.Tests.Backend\BibleBot.Tests.Backend.csproj", "{E61161F9-2FCF-4630-93AB-7A0E0AB25CE9}"
EndProject
Global
	GlobalSection(SolutionConfigurationPlatforms) = preSolution
		Debug|Any CPU = Debug|Any CPU
		Debug|x64 = Debug|x64
		Debug|x86 = Debug|x86
		Release|Any CPU = Release|Any CPU
		Release|x64 = Release|x64
		Release|x86 = Release|x86
	EndGlobalSection
	GlobalSection(SolutionProperties) = preSolution
		HideSolutionNode = FALSE
	EndGlobalSection
	GlobalSection(ProjectConfigurationPlatforms) = postSolution
		{A7A91E1C-9673-4BC2-8B90-91FF13617187}.Debug|Any CPU.ActiveCfg = Debug|Any CPU
		{A7A91E1C-9673-4BC2-8B90-91FF13617187}.Debug|Any CPU.Build.0 = Debug|Any CPU
		{A7A91E1C-9673-4BC2-8B90-91FF13617187}.Debug|x64.ActiveCfg = Debug|Any CPU
		{A7A91E1C-9673-4BC2-8B90-91FF13617187}.Debug|x64.Build.0 = Debug|Any CPU
		{A7A91E1C-9673-4BC2-8B90-91FF13617187}.Debug|x86.ActiveCfg = Debug|Any CPU
		{A7A91E1C-9673-4BC2-8B90-91FF13617187}.Debug|x86.Build.0 = Debug|Any CPU
		{A7A91E1C-9673-4BC2-8B90-91FF13617187}.Release|Any CPU.ActiveCfg = Release|Any CPU
		{A7A91E1C-9673-4BC2-8B90-91FF13617187}.Release|Any CPU.Build.0 = Release|Any CPU
		{A7A91E1C-9673-4BC2-8B90-91FF13617187}.Release|x64.ActiveCfg = Release|Any CPU
		{A7A91E1C-9673-4BC2-8B90-91FF13617187}.Release|x64.Build.0 = Release|Any CPU
		{A7A91E1C-9673-4BC2-8B90-91FF13617187}.Release|x86.ActiveCfg = Release|Any CPU
		{A7A91E1C-9673-4BC2-8B90-91FF13617187}.Release|x86.Build.0 = Release|Any CPU
		{8A500431-121C-4995-A770-1FD376B14E68}.Debug|Any CPU.ActiveCfg = Debug|Any CPU
		{8A500431-121C-4995-A770-1FD376B14E68}.Debug|Any CPU.Build.0 = Debug|Any CPU
		{8A500431-121C-4995-A770-1FD376B14E68}.Debug|x64.ActiveCfg = Debug|Any CPU
		{8A500431-121C-4995-A770-1FD376B14E68}.Debug|x64.Build.0 = Debug|Any CPU
		{8A500431-121C-4995-A770-1FD376B14E68}.Debug|x86.ActiveCfg = Debug|Any CPU
		{8A500431-121C-4995-A770-1FD376B14E68}.Debug|x86.Build.0 = Debug|Any CPU
		{8A500431-121C-4995-A770-1FD376B14E68}.Release|Any CPU.ActiveCfg = Release|Any CPU
		{8A500431-121C-4995-A770-1FD376B14E68}.Release|Any CPU.Build.0 = Release|Any CPU
		{8A500431-121C-4995-A770-1FD376B14E68}.Release|x64.ActiveCfg = Release|Any CPU
		{8A500431-121C-4995-A770-1FD376B14E68}.Release|x64.Build.0 = Release|Any CPU
		{8A500431-121C-4995-A770-1FD376B14E68}.Release|x86.ActiveCfg = Release|Any CPU
		{8A500431-121C-4995-A770-1FD376B14E68}.Release|x86.Build.0 = Release|Any CPU
		{9ADA9A9C-48FB-4D42-9B41-6C72FE597660}.Debug|Any CPU.ActiveCfg = Debug|Any CPU
		{9ADA9A9C-48FB-4D42-9B41-6C72FE597660}.Debug|Any CPU.Build.0 = Debug|Any CPU
		{9ADA9A9C-48FB-4D42-9B41-6C72FE597660}.Debug|x64.ActiveCfg = Debug|Any CPU
		{9ADA9A9C-48FB-4D42-9B41-6C72FE597660}.Debug|x64.Build.0 = Debug|Any CPU
		{9ADA9A9C-48FB-4D42-9B41-6C72FE597660}.Debug|x86.ActiveCfg = Debug|Any CPU
		{9ADA9A9C-48FB-4D42-9B41-6C72FE597660}.Debug|x86.Build.0 = Debug|Any CPU
		{9ADA9A9C-48FB-4D42-9B41-6C72FE597660}.Release|Any CPU.ActiveCfg = Release|Any CPU
		{9ADA9A9C-48FB-4D42-9B41-6C72FE597660}.Release|Any CPU.Build.0 = Release|Any CPU
		{9ADA9A9C-48FB-4D42-9B41-6C72FE597660}.Release|x64.ActiveCfg = Release|Any CPU
		{9ADA9A9C-48FB-4D42-9B41-6C72FE597660}.Release|x64.Build.0 = Release|Any CPU
		{9ADA9A9C-48FB-4D42-9B41-6C72FE597660}.Release|x86.ActiveCfg = Release|Any CPU
		{9ADA9A9C-48FB-4D42-9B41-6C72FE597660}.Release|x86.Build.0 = Release|Any CPU
		{ECEF1EA0-9D9B-4603-BD4A-76AF7BD76BAC}.Debug|Any CPU.ActiveCfg = Debug|Any CPU
		{ECEF1EA0-9D9B-4603-BD4A-76AF7BD76BAC}.Debug|Any CPU.Build.0 = Debug|Any CPU
		{ECEF1EA0-9D9B-4603-BD4A-76AF7BD76BAC}.Debug|x64.ActiveCfg = Debug|Any CPU
		{ECEF1EA0-9D9B-4603-BD4A-76AF7BD76BAC}.Debug|x64.Build.0 = Debug|Any CPU
		{ECEF1EA0-9D9B-4603-BD4A-76AF7BD76BAC}.Debug|x86.ActiveCfg = Debug|Any CPU
		{ECEF1EA0-9D9B-4603-BD4A-76AF7BD76BAC}.Debug|x86.Build.0 = Debug|Any CPU
		{ECEF1EA0-9D9B-4603-BD4A-76AF7BD76BAC}.Release|Any CPU.ActiveCfg = Release|Any CPU
		{ECEF1EA0-9D9B-4603-BD4A-76AF7BD76BAC}.Release|Any CPU.Build.0 = Release|Any CPU
		{ECEF1EA0-9D9B-4603-BD4A-76AF7BD76BAC}.Release|x64.ActiveCfg = Release|Any CPU
		{ECEF1EA0-9D9B-4603-BD4A-76AF7BD76BAC}.Release|x64.Build.0 = Release|Any CPU
		{ECEF1EA0-9D9B-4603-BD4A-76AF7BD76BAC}.Release|x86.ActiveCfg = Release|Any CPU
		{ECEF1EA0-9D9B-4603-BD4A-76AF7BD76BAC}.Release|x86.Build.0 = Release|Any CPU
		{E61161F9-2FCF-4630-93AB-7A0E0AB25CE9}.Debug|Any CPU.ActiveCfg = Debug|Any CPU
		{E61161F9-2FCF-4630-93AB-7A0E0AB25CE9}.Debug|Any CPU.Build.0 = Debug|Any CPU
		{E61161F9-2FCF-4630-93AB-7A0E0AB25CE9}.Debug|x64.ActiveCfg = Debug|Any CPU
		{E61161F9-2FCF-4630-93AB-7A0E0AB25CE9}.Debug|x64.Build.0 = Debug|Any CPU
		{E61161F9-2FCF-4630-93AB-7A0E0AB25CE9}.Debug|x86.ActiveCfg = Debug|Any CPU
		{E61161F9-2FCF-4630-93AB-7A0E0AB25CE9}.Debug|x86.Build.0 = Debug|Any CPU
		{E61161F9-2FCF-4630-93AB-7A0E0AB25CE9}.Release|Any CPU.ActiveCfg = Release|Any CPU
		{E61161F9-2FCF-4630-93AB-7A0E0AB25CE9}.Release|Any CPU.Build.0 = Release|Any CPU
		{E61161F9-2FCF-4630-93AB-7A0E0AB25CE9}.Release|x64.ActiveCfg = Release|Any CPU
		{E61161F9-2FCF-4630-93AB-7A0E0AB25CE9}.Release|x64.Build.0 = Release|Any CPU
		{E61161F9-2FCF-4630-93AB-7A0E0AB25CE9}.Release|x86.ActiveCfg = Release|Any CPU
		{E61161F9-2FCF-4630-93AB-7A0E0AB25CE9}.Release|x86.Build.0 = Release|Any CPU
	EndGlobalSection
	GlobalSection(NestedProjects) = preSolution
		{A7A91E1C-9673-4BC2-8B90-91FF13617187} = {343B499B-92D2-451D-9CA4-1394560F9839}
		{8A500431-121C-4995-A770-1FD376B14E68} = {343B499B-92D2-451D-9CA4-1394560F9839}
		{9ADA9A9C-48FB-4D42-9B41-6C72FE597660} = {343B499B-92D2-451D-9CA4-1394560F9839}
		{ECEF1EA0-9D9B-4603-BD4A-76AF7BD76BAC} = {343B499B-92D2-451D-9CA4-1394560F9839}
		{E61161F9-2FCF-4630-93AB-7A0E0AB25CE9} = {606113E3-8711-4AE3-AC99-074C073F217D}
	EndGlobalSection
EndGlobal
